
Microsoft Visual Studio Solution File, Format Version 12.00
# Visual Studio Version 17
VisualStudioVersion = 17.0.31903.59
MinimumVisualStudioVersion = 10.0.40219.1
Project("{FAE04EC0-301F-11D3-BF4B-00C04F79EFBC}") = "UserMaintenance", "UserMaintenance.csproj", "{C37BF329-8B82-449C-88AF-A6819BF7C450}"
EndProject
Global
	GlobalSection(SolutionConfigurationPlatforms) = preSolution
		Debug|Any CPU = Debug|Any CPU
		Release|Any CPU = Release|Any CPU
	EndGlobalSection
	GlobalSection(ProjectConfigurationPlatforms) = postSolution
		{C37BF329-8B82-449C-88AF-A6819BF7C450}.Debug|Any CPU.ActiveCfg = Debug|Any CPU
		{C37BF329-8B82-449C-88AF-A6819BF7C450}.Debug|Any CPU.Build.0 = Debug|Any CPU
		{C37BF329-8B82-449C-88AF-A6819BF7C450}.Release|Any CPU.ActiveCfg = Release|Any CPU
		{C37BF329-8B82-449C-88AF-A6819BF7C450}.Release|Any CPU.Build.0 = Release|Any CPU
	EndGlobalSection
	GlobalSection(SolutionProperties) = preSolution
		HideSolutionNode = FALSE
	EndGlobalSection
	GlobalSection(ExtensibilityGlobals) = postSolution
		SolutionGuid = {B57C59BF-016B-4548-8A43-DA1008E28301}
	EndGlobalSection
EndGlobal
